
Microsoft Visual Studio Solution File, Format Version 12.00
# Visual Studio Version 17
VisualStudioVersion = 17.10.35004.147
MinimumVisualStudioVersion = 10.0.40219.1
Project("{FAE04EC0-301F-11D3-BF4B-00C04F79EFBC}") = "Impersonate", "Impersonate\Impersonate.csproj", "{10828A15-FE59-4218-BC60-672923E3E1E5}"
EndProject
Global
	GlobalSection(SolutionConfigurationPlatforms) = preSolution
		Debug|Any CPU = Debug|Any CPU
		Release|Any CPU = Release|Any CPU
	EndGlobalSection
	GlobalSection(ProjectConfigurationPlatforms) = postSolution
		{10828A15-FE59-4218-BC60-672923E3E1E5}.Debug|Any CPU.ActiveCfg = Debug|Any CPU
		{10828A15-FE59-4218-BC60-672923E3E1E5}.Debug|Any CPU.Build.0 = Debug|Any CPU
		{10828A15-FE59-4218-BC60-672923E3E1E5}.Release|Any CPU.ActiveCfg = Release|Any CPU
		{10828A15-FE59-4218-BC60-672923E3E1E5}.Release|Any CPU.Build.0 = Release|Any CPU
	EndGlobalSection
	GlobalSection(SolutionProperties) = preSolution
		HideSolutionNode = FALSE
	EndGlobalSection
	GlobalSection(ExtensibilityGlobals) = postSolution
		SolutionGuid = {EE32F2E5-959E-4910-AE90-2A04DD81FEA3}
	EndGlobalSection
EndGlobal
